<?xml version="1.0" encoding="UTF-8" standalone="yes" ?>
<CodeBlocks_project_file>
	<FileVersion major="1" minor="6" />
	<Project>
		<Option title="Electronix" />
		<Option pch_mode="2" />
		<Option compiler="gcc" />
		<Build>
			<Target title="Debug">
				<Option output="bin/Debug/Electronix" prefix_auto="1" extension_auto="1" />
				<Option object_output="obj/Debug/" />
				<Option type="1" />
				<Option compiler="gcc" />
				<Compiler>
					<Add option="-g" />
					<Add directory="include" />
				</Compiler>
				<Linker>
					<Add library="libmingw32.a" />
					<Add library="libSDL2main.a" />
					<Add library="libSDL2.dll.a" />
					<Add library="libSDL2.a" />
					<Add library="libSDL2_image.a" />
					<Add library="libSDL2_ttf.a" />
					<Add directory="lib" />
				</Linker>
			</Target>
			<Target title="Release">
				<Option output="bin/Release/Electronix" prefix_auto="1" extension_auto="1" />
				<Option object_output="obj/Release/" />
				<Option type="1" />
				<Option compiler="gcc" />
				<Compiler>
					<Add option="-O2" />
				</Compiler>
				<Linker>
					<Add option="-s" />
				</Linker>
			</Target>
		</Build>
		<Compiler>
			<Add option="-Wall" />
		</Compiler>
		<Unit filename="ressources.rc">
			<Option compilerVar="WINDRES" />
		</Unit>
		<Unit filename="src/config.c">
			<Option compilerVar="CC" />
		</Unit>
		<Unit filename="src/config.h" />
		<Unit filename="src/datas/commons_datas.c">
			<Option compilerVar="CC" />
		</Unit>
		<Unit filename="src/datas/commons_datas.h" />
		<Unit filename="src/datas/gridManager.c">
			<Option compilerVar="CC" />
		</Unit>
		<Unit filename="src/datas/gridManager.h" />
		<Unit filename="src/datas/modules.c">
			<Option compilerVar="CC" />
		</Unit>
		<Unit filename="src/datas/modules.h" />
		<Unit filename="src/datas/surfacesManager.c">
			<Option compilerVar="CC" />
		</Unit>
		<Unit filename="src/datas/surfacesManager.h" />
		<Unit filename="src/datas/texturesManager.c">
			<Option compilerVar="CC" />
		</Unit>
		<Unit filename="src/datas/texturesManager.h" />
		<Unit filename="src/datas/uiManager.c">
			<Option compilerVar="CC" />
		</Unit>
		<Unit filename="src/datas/uiManager.h" />
		<Unit filename="src/kernel.c">
			<Option compilerVar="CC" />
		</Unit>
		<Unit filename="src/kernel.h" />
		<Unit filename="src/layoutLoader.c">
			<Option compilerVar="CC" />
		</Unit>
		<Unit filename="src/layoutLoader.h" />
		<Unit filename="src/layouts/iConception.c">
			<Option compilerVar="CC" />
		</Unit>
		<Unit filename="src/layouts/iConception.h" />
		<Unit filename="src/layouts/iFileManager.c">
			<Option compilerVar="CC" />
		</Unit>
		<Unit filename="src/layouts/iFileManager.h" />
		<Unit filename="src/layouts/iLevel.c">
			<Option compilerVar="CC" />
		</Unit>
		<Unit filename="src/layouts/iLevel.h" />
		<Unit filename="src/layouts/iMenu.c">
			<Option compilerVar="CC" />
		</Unit>
		<Unit filename="src/layouts/iMenu.h" />
		<Unit filename="src/main.c">
			<Option compilerVar="CC" />
		</Unit>
		<Unit filename="src/moduleLoader.c">
			<Option compilerVar="CC" />
		</Unit>
		<Unit filename="src/moduleLoader.h" />
		<Unit filename="src/modules/mCapacitor.c">
			<Option compilerVar="CC" />
		</Unit>
		<Unit filename="src/modules/mCapacitor.h" />
		<Unit filename="src/modules/mGenerator.c">
			<Option compilerVar="CC" />
		</Unit>
		<Unit filename="src/modules/mGenerator.h" />
		<Unit filename="src/modules/mResistor.c">
			<Option compilerVar="CC" />
		</Unit>
		<Unit filename="src/modules/mResistor.h" />
		<Unit filename="src/modules/mWires.c">
			<Option compilerVar="CC" />
		</Unit>
		<Unit filename="src/modules/mWires.h" />
		<Unit filename="src/ressources.c">
			<Option compilerVar="CC" />
		</Unit>
		<Unit filename="src/ressources.h" />
		<Unit filename="src/utils/gridHelper.c">
			<Option compilerVar="CC" />
		</Unit>
		<Unit filename="src/utils/gridHelper.h" />
		<Unit filename="src/utils/saveload.c">
			<Option compilerVar="CC" />
		</Unit>
		<Unit filename="src/utils/saveload.h" />
		<Unit filename="src/utils/uiEvent.c">
			<Option compilerVar="CC" />
		</Unit>
		<Unit filename="src/utils/uiEvent.h" />
		<Extensions>
			<code_completion />
			<envvars />
			<debugger />
			<lib_finder disable_auto="1" />
			<DoxyBlocks>
				<comment_style block="0" line="0" />
				<doxyfile_project />
				<doxyfile_build />
				<doxyfile_warnings />
				<doxyfile_output />
				<doxyfile_dot />
				<general />
			</DoxyBlocks>
		</Extensions>
	</Project>
</CodeBlocks_project_file>
